// !$*UTF8*$!
{
	archiveVersion = 1;
	classes = {
	};
	objectVersion = 56;
	objects = {

/* Begin PBXBuildFile section */
		103F021E2959D88A0013FC7A /* AppDelegate.swift in Sources */ = {isa = PBXBuildFile; fileRef = 103F021D2959D88A0013FC7A /* AppDelegate.swift */; };
		103F02202959D88A0013FC7A /* SceneDelegate.swift in Sources */ = {isa = PBXBuildFile; fileRef = 103F021F2959D88A0013FC7A /* SceneDelegate.swift */; };
		103F02222959D88A0013FC7A /* ViewController.swift in Sources */ = {isa = PBXBuildFile; fileRef = 103F02212959D88A0013FC7A /* ViewController.swift */; };
		103F02252959D88A0013FC7A /* Main.storyboard in Resources */ = {isa = PBXBuildFile; fileRef = 103F02232959D88A0013FC7A /* Main.storyboard */; };
		103F02272959D88B0013FC7A /* Assets.xcassets in Resources */ = {isa = PBXBuildFile; fileRef = 103F02262959D88B0013FC7A /* Assets.xcassets */; };
		103F022A2959D88B0013FC7A /* LaunchScreen.storyboard in Resources */ = {isa = PBXBuildFile; fileRef = 103F02282959D88B0013FC7A /* LaunchScreen.storyboard */; };
		103F02352959D88B0013FC7A /* Setting_Clone_AppTests.swift in Sources */ = {isa = PBXBuildFile; fileRef = 103F02342959D88B0013FC7A /* Setting_Clone_AppTests.swift */; };
		103F023F2959D88B0013FC7A /* Setting_Clone_AppUITests.swift in Sources */ = {isa = PBXBuildFile; fileRef = 103F023E2959D88B0013FC7A /* Setting_Clone_AppUITests.swift */; };
		103F02412959D88B0013FC7A /* Setting_Clone_AppUITestsLaunchTests.swift in Sources */ = {isa = PBXBuildFile; fileRef = 103F02402959D88B0013FC7A /* Setting_Clone_AppUITestsLaunchTests.swift */; };
/* End PBXBuildFile section */

/* Begin PBXContainerItemProxy section */
		103F02312959D88B0013FC7A /* PBXContainerItemProxy */ = {
			isa = PBXContainerItemProxy;
			containerPortal = 103F02122959D88A0013FC7A /* Project object */;
			proxyType = 1;
			remoteGlobalIDString = 103F02192959D88A0013FC7A;
			remoteInfo = Setting_Clone_App;
		};
		103F023B2959D88B0013FC7A /* PBXContainerItemProxy */ = {
			isa = PBXContainerItemProxy;
			containerPortal = 103F02122959D88A0013FC7A /* Project object */;
			proxyType = 1;
			remoteGlobalIDString = 103F02192959D88A0013FC7A;
			remoteInfo = Setting_Clone_App;
		};
/* End PBXContainerItemProxy section */

/* Begin PBXFileReference section */
		103F021A2959D88A0013FC7A /* Setting_Clone_App.app */ = {isa = PBXFileReference; explicitFileType = wrapper.application; includeInIndex = 0; path = Setting_Clone_App.app; sourceTree = BUILT_PRODUCTS_DIR; };
		103F021D2959D88A0013FC7A /* AppDelegate.swift */ = {isa = PBXFileReference; lastKnownFileType = sourcecode.swift; path = AppDelegate.swift; sourceTree = "<group>"; };
		103F021F2959D88A0013FC7A /* SceneDelegate.swift */ = {isa = PBXFileReference; lastKnownFileType = sourcecode.swift; path = SceneDelegate.swift; sourceTree = "<group>"; };
		103F02212959D88A0013FC7A /* ViewController.swift */ = {isa = PBXFileReference; lastKnownFileType = sourcecode.swift; path = ViewController.swift; sourceTree = "<group>"; };
		103F02242959D88A0013FC7A /* Base */ = {isa = PBXFileReference; lastKnownFileType = file.storyboard; name = Base; path = Base.lproj/Main.storyboard; sourceTree = "<group>"; };
		103F02262959D88B0013FC7A /* Assets.xcassets */ = {isa = PBXFileReference; lastKnownFileType = folder.assetcatalog; path = Assets.xcassets; sourceTree = "<group>"; };
		103F02292959D88B0013FC7A /* Base */ = {isa = PBXFileReference; lastKnownFileType = file.storyboard; name = Base; path = Base.lproj/LaunchScreen.storyboard; sourceTree = "<group>"; };
		103F022B2959D88B0013FC7A /* Info.plist */ = {isa = PBXFileReference; lastKnownFileType = text.plist.xml; path = Info.plist; sourceTree = "<group>"; };
		103F02302959D88B0013FC7A /* Setting_Clone_AppTests.xctest */ = {isa = PBXFileReference; explicitFileType = wrapper.cfbundle; includeInIndex = 0; path = Setting_Clone_AppTests.xctest; sourceTree = BUILT_PRODUCTS_DIR; };
		103F02342959D88B0013FC7A /* Setting_Clone_AppTests.swift */ = {isa = PBXFileReference; lastKnownFileType = sourcecode.swift; path = Setting_Clone_AppTests.swift; sourceTree = "<group>"; };
		103F023A2959D88B0013FC7A /* Setting_Clone_AppUITests.xctest */ = {isa = PBXFileReference; explicitFileType = wrapper.cfbundle; includeInIndex = 0; path = Setting_Clone_AppUITests.xctest; sourceTree = BUILT_PRODUCTS_DIR; };
		103F023E2959D88B0013FC7A /* Setting_Clone_AppUITests.swift */ = {isa = PBXFileReference; lastKnownFileType = sourcecode.swift; path = Setting_Clone_AppUITests.swift; sourceTree = "<group>"; };
		103F02402959D88B0013FC7A /* Setting_Clone_AppUITestsLaunchTests.swift */ = {isa = PBXFileReference; lastKnownFileType = sourcecode.swift; path = Setting_Clone_AppUITestsLaunchTests.swift; sourceTree = "<group>"; };
/* End PBXFileReference section */

/* Begin PBXFrameworksBuildPhase section */
		103F02172959D88A0013FC7A /* Frameworks */ = {
			isa = PBXFrameworksBuildPhase;
			buildActionMask = 2147483647;
			files = (
			);
			runOnlyForDeploymentPostprocessing = 0;
		};
		103F022D2959D88B0013FC7A /* Frameworks */ = {
			isa = PBXFrameworksBuildPhase;
			buildActionMask = 2147483647;
			files = (
			);
			runOnlyForDeploymentPostprocessing = 0;
		};
		103F02372959D88B0013FC7A /* Frameworks */ = {
			isa = PBXFrameworksBuildPhase;
			buildActionMask = 2147483647;
			files = (
			);
			runOnlyForDeploymentPostprocessing = 0;
		};
/* End PBXFrameworksBuildPhase section */

/* Begin PBXGroup section */
		103F02112959D88A0013FC7A = {
			isa = PBXGroup;
			children = (
				103F021C2959D88A0013FC7A /* Setting_Clone_App */,
				103F02332959D88B0013FC7A /* Setting_Clone_AppTests */,
				103F023D2959D88B0013FC7A /* Setting_Clone_AppUITests */,
				103F021B2959D88A0013FC7A /* Products */,
			);
			sourceTree = "<group>";
		};
		103F021B2959D88A0013FC7A /* Products */ = {
			isa = PBXGroup;
			children = (
				103F021A2959D88A0013FC7A /* Setting_Clone_App.app */,
				103F02302959D88B0013FC7A /* Setting_Clone_AppTests.xctest */,
				103F023A2959D88B0013FC7A /* Setting_Clone_AppUITests.xctest */,
			);
			name = Products;
			sourceTree = "<group>";
		};
		103F021C2959D88A0013FC7A /* Setting_Clone_App */ = {
			isa = PBXGroup;
			children = (
				103F021D2959D88A0013FC7A /* AppDelegate.swift */,
				103F021F2959D88A0013FC7A /* SceneDelegate.swift */,
				103F02212959D88A0013FC7A /* ViewController.swift */,
				103F02232959D88A0013FC7A /* Main.storyboard */,
				103F02262959D88B0013FC7A /* Assets.xcassets */,
				103F02282959D88B0013FC7A /* LaunchScreen.storyboard */,
				103F022B2959D88B0013FC7A /* Info.plist */,
			);
			path = Setting_Clone_App;
			sourceTree = "<group>";
		};
		103F02332959D88B0013FC7A /* Setting_Clone_AppTests */ = {
			isa = PBXGroup;
			children = (
				103F02342959D88B0013FC7A /* Setting_Clone_AppTests.swift */,
			);
			path = Setting_Clone_AppTests;
			sourceTree = "<group>";
		};
		103F023D2959D88B0013FC7A /* Setting_Clone_AppUITests */ = {
			isa = PBXGroup;
			children = (
				103F023E2959D88B0013FC7A /* Setting_Clone_AppUITests.swift */,
				103F02402959D88B0013FC7A /* Setting_Clone_AppUITestsLaunchTests.swift */,
			);
			path = Setting_Clone_AppUITests;
			sourceTree = "<group>";
		};
/* End PBXGroup section */

/* Begin PBXNativeTarget section */
		103F02192959D88A0013FC7A /* Setting_Clone_App */ = {
			isa = PBXNativeTarget;
			buildConfigurationList = 103F02442959D88B0013FC7A /* Build configuration list for PBXNativeTarget "Setting_Clone_App" */;
			buildPhases = (
				103F02162959D88A0013FC7A /* Sources */,
				103F02172959D88A0013FC7A /* Frameworks */,
				103F02182959D88A0013FC7A /* Resources */,
			);
			buildRules = (
			);
			dependencies = (
			);
			name = Setting_Clone_App;
			productName = Setting_Clone_App;
			productReference = 103F021A2959D88A0013FC7A /* Setting_Clone_App.app */;
			productType = "com.apple.product-type.application";
		};
		103F022F2959D88B0013FC7A /* Setting_Clone_AppTests */ = {
			isa = PBXNativeTarget;
			buildConfigurationList = 103F02472959D88B0013FC7A /* Build configuration list for PBXNativeTarget "Setting_Clone_AppTests" */;
			buildPhases = (
				103F022C2959D88B0013FC7A /* Sources */,
				103F022D2959D88B0013FC7A /* Frameworks */,
				103F022E2959D88B0013FC7A /* Resources */,
			);
			buildRules = (
			);
			dependencies = (
				103F02322959D88B0013FC7A /* PBXTargetDependency */,
			);
			name = Setting_Clone_AppTests;
			productName = Setting_Clone_AppTests;
			productReference = 103F02302959D88B0013FC7A /* Setting_Clone_AppTests.xctest */;
			productType = "com.apple.product-type.bundle.unit-test";
		};
		103F02392959D88B0013FC7A /* Setting_Clone_AppUITests */ = {
			isa = PBXNativeTarget;
			buildConfigurationList = 103F024A2959D88B0013FC7A /* Build configuration list for PBXNativeTarget "Setting_Clone_AppUITests" */;
			buildPhases = (
				103F02362959D88B0013FC7A /* Sources */,
				103F02372959D88B0013FC7A /* Frameworks */,
				103F02382959D88B0013FC7A /* Resources */,
			);
			buildRules = (
			);
			dependencies = (
				103F023C2959D88B0013FC7A /* PBXTargetDependency */,
			);
			name = Setting_Clone_AppUITests;
			productName = Setting_Clone_AppUITests;
			productReference = 103F023A2959D88B0013FC7A /* Setting_Clone_AppUITests.xctest */;
			productType = "com.apple.product-type.bundle.ui-testing";
		};
/* End PBXNativeTarget section */

/* Begin PBXProject section */
		103F02122959D88A0013FC7A /* Project object */ = {
			isa = PBXProject;
			attributes = {
				BuildIndependentTargetsInParallel = 1;
				LastSwiftUpdateCheck = 1400;
				LastUpgradeCheck = 1400;
				TargetAttributes = {
					103F02192959D88A0013FC7A = {
						CreatedOnToolsVersion = 14.0;
					};
					103F022F2959D88B0013FC7A = {
						CreatedOnToolsVersion = 14.0;
						TestTargetID = 103F02192959D88A0013FC7A;
					};
					103F02392959D88B0013FC7A = {
						CreatedOnToolsVersion = 14.0;
						TestTargetID = 103F02192959D88A0013FC7A;
					};
				};
			};
			buildConfigurationList = 103F02152959D88A0013FC7A /* Build configuration list for PBXProject "Setting_Clone_App" */;
			compatibilityVersion = "Xcode 14.0";
			developmentRegion = en;
			hasScannedForEncodings = 0;
			knownRegions = (
				en,
				Base,
			);
			mainGroup = 103F02112959D88A0013FC7A;
			productRefGroup = 103F021B2959D88A0013FC7A /* Products */;
			projectDirPath = "";
			projectRoot = "";
			targets = (
				103F02192959D88A0013FC7A /* Setting_Clone_App */,
				103F022F2959D88B0013FC7A /* Setting_Clone_AppTests */,
				103F02392959D88B0013FC7A /* Setting_Clone_AppUITests */,
			);
		};
/* End PBXProject section */

/* Begin PBXResourcesBuildPhase section */
		103F02182959D88A0013FC7A /* Resources */ = {
			isa = PBXResourcesBuildPhase;
			buildActionMask = 2147483647;
			files = (
				103F022A2959D88B0013FC7A /* LaunchScreen.storyboard in Resources */,
				103F02272959D88B0013FC7A /* Assets.xcassets in Resources */,
				103F02252959D88A0013FC7A /* Main.storyboard in Resources */,
			);
			runOnlyForDeploymentPostprocessing = 0;
		};
		103F022E2959D88B0013FC7A /* Resources */ = {
			isa = PBXResourcesBuildPhase;
			buildActionMask = 2147483647;
			files = (
			);
			runOnlyForDeploymentPostprocessing = 0;
		};
		103F02382959D88B0013FC7A /* Resources */ = {
			isa = PBXResourcesBuildPhase;
			buildActionMask = 2147483647;
			files = (
			);
			runOnlyForDeploymentPostprocessing = 0;
		};
/* End PBXResourcesBuildPhase section */

/* Begin PBXSourcesBuildPhase section */
		103F02162959D88A0013FC7A /* Sources */ = {
			isa = PBXSourcesBuildPhase;
			buildActionMask = 2147483647;
			files = (
				103F02222959D88A0013FC7A /* ViewController.swift in Sources */,
				103F021E2959D88A0013FC7A /* AppDelegate.swift in Sources */,
				103F02202959D88A0013FC7A /* SceneDelegate.swift in Sources */,
			);
			runOnlyForDeploymentPostprocessing = 0;
		};
		103F022C2959D88B0013FC7A /* Sources */ = {
			isa = PBXSourcesBuildPhase;
			buildActionMask = 2147483647;
			files = (
				103F02352959D88B0013FC7A /* Setting_Clone_AppTests.swift in Sources */,
			);
			runOnlyForDeploymentPostprocessing = 0;
		};
		103F02362959D88B0013FC7A /* Sources */ = {
			isa = PBXSourcesBuildPhase;
			buildActionMask = 2147483647;
			files = (
				103F023F2959D88B0013FC7A /* Setting_Clone_AppUITests.swift in Sources */,
				103F02412959D88B0013FC7A /* Setting_Clone_AppUITestsLaunchTests.swift in Sources */,
			);
			runOnlyForDeploymentPostprocessing = 0;
		};
/* End PBXSourcesBuildPhase section */

/* Begin PBXTargetDependency section */
		103F02322959D88B0013FC7A /* PBXTargetDependency */ = {
			isa = PBXTargetDependency;
			target = 103F02192959D88A0013FC7A /* Setting_Clone_App */;
			targetProxy = 103F02312959D88B0013FC7A /* PBXContainerItemProxy */;
		};
		103F023C2959D88B0013FC7A /* PBXTargetDependency */ = {
			isa = PBXTargetDependency;
			target = 103F02192959D88A0013FC7A /* Setting_Clone_App */;
			targetProxy = 103F023B2959D88B0013FC7A /* PBXContainerItemProxy */;
		};
/* End PBXTargetDependency section */

/* Begin PBXVariantGroup section */
		103F02232959D88A0013FC7A /* Main.storyboard */ = {
			isa = PBXVariantGroup;
			children = (
				103F02242959D88A0013FC7A /* Base */,
			);
			name = Main.storyboard;
			sourceTree = "<group>";
		};
		103F02282959D88B0013FC7A /* LaunchScreen.storyboard */ = {
			isa = PBXVariantGroup;
			children = (
				103F02292959D88B0013FC7A /* Base */,
			);
			name = LaunchScreen.storyboard;
			sourceTree = "<group>";
		};
/* End PBXVariantGroup section */

/* Begin XCBuildConfiguration section */
		103F02422959D88B0013FC7A /* Debug */ = {
			isa = XCBuildConfiguration;
			buildSettings = {
				ALWAYS_SEARCH_USER_PATHS = NO;
				CLANG_ANALYZER_NONNULL = YES;
				CLANG_ANALYZER_NUMBER_OBJECT_CONVERSION = YES_AGGRESSIVE;
				CLANG_CXX_LANGUAGE_STANDARD = "gnu++20";
				CLANG_ENABLE_MODULES = YES;
				CLANG_ENABLE_OBJC_ARC = YES;
				CLANG_ENABLE_OBJC_WEAK = YES;
				CLANG_WARN_BLOCK_CAPTURE_AUTORELEASING = YES;
				CLANG_WARN_BOOL_CONVERSION = YES;
				CLANG_WARN_COMMA = YES;
				CLANG_WARN_CONSTANT_CONVERSION = YES;
				CLANG_WARN_DEPRECATED_OBJC_IMPLEMENTATIONS = YES;
				CLANG_WARN_DIRECT_OBJC_ISA_USAGE = YES_ERROR;
				CLANG_WARN_DOCUMENTATION_COMMENTS = YES;
				CLANG_WARN_EMPTY_BODY = YES;
				CLANG_WARN_ENUM_CONVERSION = YES;
				CLANG_WARN_INFINITE_RECURSION = YES;
				CLANG_WARN_INT_CONVERSION = YES;
				CLANG_WARN_NON_LITERAL_NULL_CONVERSION = YES;
				CLANG_WARN_OBJC_IMPLICIT_RETAIN_SELF = YES;
				CLANG_WARN_OBJC_LITERAL_CONVERSION = YES;
				CLANG_WARN_OBJC_ROOT_CLASS = YES_ERROR;
				CLANG_WARN_QUOTED_INCLUDE_IN_FRAMEWORK_HEADER = YES;
				CLANG_WARN_RANGE_LOOP_ANALYSIS = YES;
				CLANG_WARN_STRICT_PROTOTYPES = YES;
				CLANG_WARN_SUSPICIOUS_MOVE = YES;
				CLANG_WARN_UNGUARDED_AVAILABILITY = YES_AGGRESSIVE;
				CLANG_WARN_UNREACHABLE_CODE = YES;
				CLANG_WARN__DUPLICATE_METHOD_MATCH = YES;
				COPY_PHASE_STRIP = NO;
				DEBUG_INFORMATION_FORMAT = dwarf;
				ENABLE_STRICT_OBJC_MSGSEND = YES;
				ENABLE_TESTABILITY = YES;
				GCC_C_LANGUAGE_STANDARD = gnu11;
				GCC_DYNAMIC_NO_PIC = NO;
				GCC_NO_COMMON_BLOCKS = YES;
				GCC_OPTIMIZATION_LEVEL = 0;
				GCC_PREPROCESSOR_DEFINITIONS = (
					"DEBUG=1",
					"$(inherited)",
				);
				GCC_WARN_64_TO_32_BIT_CONVERSION = YES;
				GCC_WARN_ABOUT_RETURN_TYPE = YES_ERROR;
				GCC_WARN_UNDECLARED_SELECTOR = YES;
				GCC_WARN_UNINITIALIZED_AUTOS = YES_AGGRESSIVE;
				GCC_WARN_UNUSED_FUNCTION = YES;
				GCC_WARN_UNUSED_VARIABLE = YES;
				IPHONEOS_DEPLOYMENT_TARGET = 16.0;
				MTL_ENABLE_DEBUG_INFO = INCLUDE_SOURCE;
				MTL_FAST_MATH = YES;
				ONLY_ACTIVE_ARCH = YES;
				SDKROOT = iphoneos;
				SWIFT_ACTIVE_COMPILATION_CONDITIONS = DEBUG;
				SWIFT_OPTIMIZATION_LEVEL = "-Onone";
			};
			name = Debug;
		};
		103F02432959D88B0013FC7A /* Release */ = {
			isa = XCBuildConfiguration;
			buildSettings = {
				ALWAYS_SEARCH_USER_PATHS = NO;
				CLANG_ANALYZER_NONNULL = YES;
				CLANG_ANALYZER_NUMBER_OBJECT_CONVERSION = YES_AGGRESSIVE;
				CLANG_CXX_LANGUAGE_STANDARD = "gnu++20";
				CLANG_ENABLE_MODULES = YES;
				CLANG_ENABLE_OBJC_ARC = YES;
				CLANG_ENABLE_OBJC_WEAK = YES;
				CLANG_WARN_BLOCK_CAPTURE_AUTORELEASING = YES;
				CLANG_WARN_BOOL_CONVERSION = YES;
				CLANG_WARN_COMMA = YES;
				CLANG_WARN_CONSTANT_CONVERSION = YES;
				CLANG_WARN_DEPRECATED_OBJC_IMPLEMENTATIONS = YES;
				CLANG_WARN_DIRECT_OBJC_ISA_USAGE = YES_ERROR;
				CLANG_WARN_DOCUMENTATION_COMMENTS = YES;
				CLANG_WARN_EMPTY_BODY = YES;
				CLANG_WARN_ENUM_CONVERSION = YES;
				CLANG_WARN_INFINITE_RECURSION = YES;
				CLANG_WARN_INT_CONVERSION = YES;
				CLANG_WARN_NON_LITERAL_NULL_CONVERSION = YES;
				CLANG_WARN_OBJC_IMPLICIT_RETAIN_SELF = YES;
				CLANG_WARN_OBJC_LITERAL_CONVERSION = YES;
				CLANG_WARN_OBJC_ROOT_CLASS = YES_ERROR;
				CLANG_WARN_QUOTED_INCLUDE_IN_FRAMEWORK_HEADER = YES;
				CLANG_WARN_RANGE_LOOP_ANALYSIS = YES;
				CLANG_WARN_STRICT_PROTOTYPES = YES;
				CLANG_WARN_SUSPICIOUS_MOVE = YES;
				CLANG_WARN_UNGUARDED_AVAILABILITY = YES_AGGRESSIVE;
				CLANG_WARN_UNREACHABLE_CODE = YES;
				CLANG_WARN__DUPLICATE_METHOD_MATCH = YES;
				COPY_PHASE_STRIP = NO;
				DEBUG_INFORMATION_FORMAT = "dwarf-with-dsym";
				ENABLE_NS_ASSERTIONS = NO;
				ENABLE_STRICT_OBJC_MSGSEND = YES;
				GCC_C_LANGUAGE_STANDARD = gnu11;
				GCC_NO_COMMON_BLOCKS = YES;
				GCC_WARN_64_TO_32_BIT_CONVERSION = YES;
				GCC_WARN_ABOUT_RETURN_TYPE = YES_ERROR;
				GCC_WARN_UNDECLARED_SELECTOR = YES;
				GCC_WARN_UNINITIALIZED_AUTOS = YES_AGGRESSIVE;
				GCC_WARN_UNUSED_FUNCTION = YES;
				GCC_WARN_UNUSED_VARIABLE = YES;
				IPHONEOS_DEPLOYMENT_TARGET = 16.0;
				MTL_ENABLE_DEBUG_INFO = NO;
				MTL_FAST_MATH = YES;
				SDKROOT = iphoneos;
				SWIFT_COMPILATION_MODE = wholemodule;
				SWIFT_OPTIMIZATION_LEVEL = "-O";
				VALIDATE_PRODUCT = YES;
			};
			name = Release;
		};
		103F02452959D88B0013FC7A /* Debug */ = {
			isa = XCBuildConfiguration;
			buildSettings = {
				ASSETCATALOG_COMPILER_APPICON_NAME = AppIcon;
				ASSETCATALOG_COMPILER_GLOBAL_ACCENT_COLOR_NAME = AccentColor;
				CODE_SIGN_STYLE = Automatic;
				CURRENT_PROJECT_VERSION = 1;
				GENERATE_INFOPLIST_FILE = YES;
				INFOPLIST_FILE = Setting_Clone_App/Info.plist;
				INFOPLIST_KEY_UIApplicationSupportsIndirectInputEvents = YES;
				INFOPLIST_KEY_UILaunchStoryboardName = LaunchScreen;
				INFOPLIST_KEY_UIMainStoryboardFile = Main;
				INFOPLIST_KEY_UISupportedInterfaceOrientations_iPad = "UIInterfaceOrientationPortrait UIInterfaceOrientationPortraitUpsideDown UIInterfaceOrientationLandscapeLeft UIInterfaceOrientationLandscapeRight";
				INFOPLIST_KEY_UISupportedInterfaceOrientations_iPhone = "UIInterfaceOrientationPortrait UIInterfaceOrientationLandscapeLeft UIInterfaceOrientationLandscapeRight";
				LD_RUNPATH_SEARCH_PATHS = (
					"$(inherited)",
					"@executable_path/Frameworks",
				);
				MARKETING_VERSION = 1.0;
				PRODUCT_BUNDLE_IDENTIFIER = "com.sweetswift.Setting-Clone-App";
				PRODUCT_NAME = "$(TARGET_NAME)";
				SWIFT_EMIT_LOC_STRINGS = YES;
				SWIFT_VERSION = 5.0;
				TARGETED_DEVICE_FAMILY = "1,2";
			};
			name = Debug;
		};
		103F02462959D88B0013FC7A /* Release */ = {
			isa = XCBuildConfiguration;
			buildSettings = {
				ASSETCATALOG_COMPILER_APPICON_NAME = AppIcon;
				ASSETCATALOG_COMPILER_GLOBAL_ACCENT_COLOR_NAME = AccentColor;
				CODE_SIGN_STYLE = Automatic;
				CURRENT_PROJECT_VERSION = 1;
				GENERATE_INFOPLIST_FILE = YES;
				INFOPLIST_FILE = Setting_Clone_App/Info.plist;
				INFOPLIST_KEY_UIApplicationSupportsIndirectInputEvents = YES;
				INFOPLIST_KEY_UILaunchStoryboardName = LaunchScreen;
				INFOPLIST_KEY_UIMainStoryboardFile = Main;
				INFOPLIST_KEY_UISupportedInterfaceOrientations_iPad = "UIInterfaceOrientationPortrait UIInterfaceOrientationPortraitUpsideDown UIInterfaceOrientationLandscapeLeft UIInterfaceOrientationLandscapeRight";
				INFOPLIST_KEY_UISupportedInterfaceOrientations_iPhone = "UIInterfaceOrientationPortrait UIInterfaceOrientationLandscapeLeft UIInterfaceOrientationLandscapeRight";
				LD_RUNPATH_SEARCH_PATHS = (
					"$(inherited)",
					"@executable_path/Frameworks",
				);
				MARKETING_VERSION = 1.0;
				PRODUCT_BUNDLE_IDENTIFIER = "com.sweetswift.Setting-Clone-App";
				PRODUCT_NAME = "$(TARGET_NAME)";
				SWIFT_EMIT_LOC_STRINGS = YES;
				SWIFT_VERSION = 5.0;
				TARGETED_DEVICE_FAMILY = "1,2";
			};
			name = Release;
		};
		103F02482959D88B0013FC7A /* Debug */ = {
			isa = XCBuildConfiguration;
			buildSettings = {
				ALWAYS_EMBED_SWIFT_STANDARD_LIBRARIES = YES;
				BUNDLE_LOADER = "$(TEST_HOST)";
				CODE_SIGN_STYLE = Automatic;
				CURRENT_PROJECT_VERSION = 1;
				GENERATE_INFOPLIST_FILE = YES;
				IPHONEOS_DEPLOYMENT_TARGET = 16.0;
				MARKETING_VERSION = 1.0;
				PRODUCT_BUNDLE_IDENTIFIER = "com.sweetswift.Setting-Clone-AppTests";
				PRODUCT_NAME = "$(TARGET_NAME)";
				SWIFT_EMIT_LOC_STRINGS = NO;
				SWIFT_VERSION = 5.0;
				TARGETED_DEVICE_FAMILY = "1,2";
				TEST_HOST = "$(BUILT_PRODUCTS_DIR)/Setting_Clone_App.app/$(BUNDLE_EXECUTABLE_FOLDER_PATH)/Setting_Clone_App";
			};
			name = Debug;
		};
		103F02492959D88B0013FC7A /* Release */ = {
			isa = XCBuildConfiguration;
			buildSettings = {
				ALWAYS_EMBED_SWIFT_STANDARD_LIBRARIES = YES;
				BUNDLE_LOADER = "$(TEST_HOST)";
				CODE_SIGN_STYLE = Automatic;
				CURRENT_PROJECT_VERSION = 1;
				GENERATE_INFOPLIST_FILE = YES;
				IPHONEOS_DEPLOYMENT_TARGET = 16.0;
				MARKETING_VERSION = 1.0;
				PRODUCT_BUNDLE_IDENTIFIER = "com.sweetswift.Setting-Clone-AppTests";
				PRODUCT_NAME = "$(TARGET_NAME)";
				SWIFT_EMIT_LOC_STRINGS = NO;
				SWIFT_VERSION = 5.0;
				TARGETED_DEVICE_FAMILY = "1,2";
				TEST_HOST = "$(BUILT_PRODUCTS_DIR)/Setting_Clone_App.app/$(BUNDLE_EXECUTABLE_FOLDER_PATH)/Setting_Clone_App";
			};
			name = Release;
		};
		103F024B2959D88B0013FC7A /* Debug */ = {
			isa = XCBuildConfiguration;
			buildSettings = {
				ALWAYS_EMBED_SWIFT_STANDARD_LIBRARIES = YES;
				CODE_SIGN_STYLE = Automatic;
				CURRENT_PROJECT_VERSION = 1;
				GENERATE_INFOPLIST_FILE = YES;
				MARKETING_VERSION = 1.0;
				PRODUCT_BUNDLE_IDENTIFIER = "com.sweetswift.Setting-Clone-AppUITests";
				PRODUCT_NAME = "$(TARGET_NAME)";
				SWIFT_EMIT_LOC_STRINGS = NO;
				SWIFT_VERSION = 5.0;
				TARGETED_DEVICE_FAMILY = "1,2";
				TEST_TARGET_NAME = Setting_Clone_App;
			};
			name = Debug;
		};
		103F024C2959D88B0013FC7A /* Release */ = {
			isa = XCBuildConfiguration;
			buildSettings = {
				ALWAYS_EMBED_SWIFT_STANDARD_LIBRARIES = YES;
				CODE_SIGN_STYLE = Automatic;
				CURRENT_PROJECT_VERSION = 1;
				GENERATE_INFOPLIST_FILE = YES;
				MARKETING_VERSION = 1.0;
				PRODUCT_BUNDLE_IDENTIFIER = "com.sweetswift.Setting-Clone-AppUITests";
				PRODUCT_NAME = "$(TARGET_NAME)";
				SWIFT_EMIT_LOC_STRINGS = NO;
				SWIFT_VERSION = 5.0;
				TARGETED_DEVICE_FAMILY = "1,2";
				TEST_TARGET_NAME = Setting_Clone_App;
			};
			name = Release;
		};
/* End XCBuildConfiguration section */

/* Begin XCConfigurationList section */
		103F02152959D88A0013FC7A /* Build configuration list for PBXProject "Setting_Clone_App" */ = {
			isa = XCConfigurationList;
			buildConfigurations = (
				103F02422959D88B0013FC7A /* Debug */,
				103F02432959D88B0013FC7A /* Release */,
			);
			defaultConfigurationIsVisible = 0;
			defaultConfigurationName = Release;
		};
		103F02442959D88B0013FC7A /* Build configuration list for PBXNativeTarget "Setting_Clone_App" */ = {
			isa = XCConfigurationList;
			buildConfigurations = (
				103F02452959D88B0013FC7A /* Debug */,
				103F02462959D88B0013FC7A /* Release */,
			);
			defaultConfigurationIsVisible = 0;
			defaultConfigurationName = Release;
		};
		103F02472959D88B0013FC7A /* Build configuration list for PBXNativeTarget "Setting_Clone_AppTests" */ = {
			isa = XCConfigurationList;
			buildConfigurations = (
				103F02482959D88B0013FC7A /* Debug */,
				103F02492959D88B0013FC7A /* Release */,
			);
			defaultConfigurationIsVisible = 0;
			defaultConfigurationName = Release;
		};
		103F024A2959D88B0013FC7A /* Build configuration list for PBXNativeTarget "Setting_Clone_AppUITests" */ = {
			isa = XCConfigurationList;
			buildConfigurations = (
				103F024B2959D88B0013FC7A /* Debug */,
				103F024C2959D88B0013FC7A /* Release */,
			);
			defaultConfigurationIsVisible = 0;
			defaultConfigurationName = Release;
		};
/* End XCConfigurationList section */
	};
	rootObject = 103F02122959D88A0013FC7A /* Project object */;
}
